// !$*UTF8*$!
{
	archiveVersion = 1;
	classes = {
	};
	objectVersion = 50;
	objects = {

/* Begin PBXBuildFile section */
		4C855B0721878AE1000AA27B /* beautiful-glittering-heart-2098b0eddae9b0d054ebe9cbb608c13b-900x0.png in Resources */ = {isa = PBXBuildFile; fileRef = 4C855B0621878AE1000AA27B /* beautiful-glittering-heart-2098b0eddae9b0d054ebe9cbb608c13b-900x0.png */; };
		4C8E94EA218637AF00752055 /* LoveViewController.swift in Sources */ = {isa = PBXBuildFile; fileRef = 4C8E94E9218637AF00752055 /* LoveViewController.swift */; };
		4CA17B44217CD0FA0072C405 /* AppDelegate.swift in Sources */ = {isa = PBXBuildFile; fileRef = 4CA17B43217CD0FA0072C405 /* AppDelegate.swift */; };
		4CA17B46217CD0FA0072C405 /* ViewController.swift in Sources */ = {isa = PBXBuildFile; fileRef = 4CA17B45217CD0FA0072C405 /* ViewController.swift */; };
		4CA17B49217CD0FA0072C405 /* Main.storyboard in Resources */ = {isa = PBXBuildFile; fileRef = 4CA17B47217CD0FA0072C405 /* Main.storyboard */; };
		4CA17B4B217CD0FC0072C405 /* Assets.xcassets in Resources */ = {isa = PBXBuildFile; fileRef = 4CA17B4A217CD0FC0072C405 /* Assets.xcassets */; };
		4CA17B4E217CD0FC0072C405 /* LaunchScreen.storyboard in Resources */ = {isa = PBXBuildFile; fileRef = 4CA17B4C217CD0FC0072C405 /* LaunchScreen.storyboard */; };
		4CA17B59217CD0FC0072C405 /* FiestaDeLaMediaNaranjaTests.swift in Sources */ = {isa = PBXBuildFile; fileRef = 4CA17B58217CD0FC0072C405 /* FiestaDeLaMediaNaranjaTests.swift */; };
		4CA17B64217CD0FC0072C405 /* FiestaDeLaMediaNaranjaUITests.swift in Sources */ = {isa = PBXBuildFile; fileRef = 4CA17B63217CD0FC0072C405 /* FiestaDeLaMediaNaranjaUITests.swift */; };
		4CA17B72217CD3510072C405 /* BirthdayViewController.swift in Sources */ = {isa = PBXBuildFile; fileRef = 4CA17B71217CD3510072C405 /* BirthdayViewController.swift */; };
/* End PBXBuildFile section */

/* Begin PBXContainerItemProxy section */
		4CA17B55217CD0FC0072C405 /* PBXContainerItemProxy */ = {
			isa = PBXContainerItemProxy;
			containerPortal = 4CA17B38217CD0FA0072C405 /* Project object */;
			proxyType = 1;
			remoteGlobalIDString = 4CA17B3F217CD0FA0072C405;
			remoteInfo = FiestaDeLaMediaNaranja;
		};
		4CA17B60217CD0FC0072C405 /* PBXContainerItemProxy */ = {
			isa = PBXContainerItemProxy;
			containerPortal = 4CA17B38217CD0FA0072C405 /* Project object */;
			proxyType = 1;
			remoteGlobalIDString = 4CA17B3F217CD0FA0072C405;
			remoteInfo = FiestaDeLaMediaNaranja;
		};
/* End PBXContainerItemProxy section */

/* Begin PBXFileReference section */
		4C855B0621878AE1000AA27B /* beautiful-glittering-heart-2098b0eddae9b0d054ebe9cbb608c13b-900x0.png */ = {isa = PBXFileReference; lastKnownFileType = image.png; name = "beautiful-glittering-heart-2098b0eddae9b0d054ebe9cbb608c13b-900x0.png"; path = "../../../Downloads/beautiful-glittering-heart-2098b0eddae9b0d054ebe9cbb608c13b-900x0.png"; sourceTree = "<group>"; };
		4C8E94E9218637AF00752055 /* LoveViewController.swift */ = {isa = PBXFileReference; lastKnownFileType = sourcecode.swift; path = LoveViewController.swift; sourceTree = "<group>"; };
		4CA17B40217CD0FA0072C405 /* FiestaDeLaMediaNaranja.app */ = {isa = PBXFileReference; explicitFileType = wrapper.application; includeInIndex = 0; path = FiestaDeLaMediaNaranja.app; sourceTree = BUILT_PRODUCTS_DIR; };
		4CA17B43217CD0FA0072C405 /* AppDelegate.swift */ = {isa = PBXFileReference; lastKnownFileType = sourcecode.swift; path = AppDelegate.swift; sourceTree = "<group>"; };
		4CA17B45217CD0FA0072C405 /* ViewController.swift */ = {isa = PBXFileReference; lastKnownFileType = sourcecode.swift; path = ViewController.swift; sourceTree = "<group>"; };
		4CA17B48217CD0FA0072C405 /* Base */ = {isa = PBXFileReference; lastKnownFileType = file.storyboard; name = Base; path = Base.lproj/Main.storyboard; sourceTree = "<group>"; };
		4CA17B4A217CD0FC0072C405 /* Assets.xcassets */ = {isa = PBXFileReference; lastKnownFileType = folder.assetcatalog; path = Assets.xcassets; sourceTree = "<group>"; };
		4CA17B4D217CD0FC0072C405 /* Base */ = {isa = PBXFileReference; lastKnownFileType = file.storyboard; name = Base; path = Base.lproj/LaunchScreen.storyboard; sourceTree = "<group>"; };
		4CA17B4F217CD0FC0072C405 /* Info.plist */ = {isa = PBXFileReference; lastKnownFileType = text.plist.xml; path = Info.plist; sourceTree = "<group>"; };
		4CA17B54217CD0FC0072C405 /* FiestaDeLaMediaNaranjaTests.xctest */ = {isa = PBXFileReference; explicitFileType = wrapper.cfbundle; includeInIndex = 0; path = FiestaDeLaMediaNaranjaTests.xctest; sourceTree = BUILT_PRODUCTS_DIR; };
		4CA17B58217CD0FC0072C405 /* FiestaDeLaMediaNaranjaTests.swift */ = {isa = PBXFileReference; lastKnownFileType = sourcecode.swift; path = FiestaDeLaMediaNaranjaTests.swift; sourceTree = "<group>"; };
		4CA17B5A217CD0FC0072C405 /* Info.plist */ = {isa = PBXFileReference; lastKnownFileType = text.plist.xml; path = Info.plist; sourceTree = "<group>"; };
		4CA17B5F217CD0FC0072C405 /* FiestaDeLaMediaNaranjaUITests.xctest */ = {isa = PBXFileReference; explicitFileType = wrapper.cfbundle; includeInIndex = 0; path = FiestaDeLaMediaNaranjaUITests.xctest; sourceTree = BUILT_PRODUCTS_DIR; };
		4CA17B63217CD0FC0072C405 /* FiestaDeLaMediaNaranjaUITests.swift */ = {isa = PBXFileReference; lastKnownFileType = sourcecode.swift; path = FiestaDeLaMediaNaranjaUITests.swift; sourceTree = "<group>"; };
		4CA17B65217CD0FC0072C405 /* Info.plist */ = {isa = PBXFileReference; lastKnownFileType = text.plist.xml; path = Info.plist; sourceTree = "<group>"; };
		4CA17B71217CD3510072C405 /* BirthdayViewController.swift */ = {isa = PBXFileReference; lastKnownFileType = sourcecode.swift; path = BirthdayViewController.swift; sourceTree = "<group>"; };
/* End PBXFileReference section */

/* Begin PBXFrameworksBuildPhase section */
		4CA17B3D217CD0FA0072C405 /* Frameworks */ = {
			isa = PBXFrameworksBuildPhase;
			buildActionMask = 2147483647;
			files = (
			);
			runOnlyForDeploymentPostprocessing = 0;
		};
		4CA17B51217CD0FC0072C405 /* Frameworks */ = {
			isa = PBXFrameworksBuildPhase;
			buildActionMask = 2147483647;
			files = (
			);
			runOnlyForDeploymentPostprocessing = 0;
		};
		4CA17B5C217CD0FC0072C405 /* Frameworks */ = {
			isa = PBXFrameworksBuildPhase;
			buildActionMask = 2147483647;
			files = (
			);
			runOnlyForDeploymentPostprocessing = 0;
		};
/* End PBXFrameworksBuildPhase section */

/* Begin PBXGroup section */
		4CA17B37217CD0FA0072C405 = {
			isa = PBXGroup;
			children = (
				4CA17B42217CD0FA0072C405 /* FiestaDeLaMediaNaranja */,
				4CA17B57217CD0FC0072C405 /* FiestaDeLaMediaNaranjaTests */,
				4CA17B62217CD0FC0072C405 /* FiestaDeLaMediaNaranjaUITests */,
				4CA17B41217CD0FA0072C405 /* Products */,
			);
			sourceTree = "<group>";
		};
		4CA17B41217CD0FA0072C405 /* Products */ = {
			isa = PBXGroup;
			children = (
				4CA17B40217CD0FA0072C405 /* FiestaDeLaMediaNaranja.app */,
				4CA17B54217CD0FC0072C405 /* FiestaDeLaMediaNaranjaTests.xctest */,
				4CA17B5F217CD0FC0072C405 /* FiestaDeLaMediaNaranjaUITests.xctest */,
			);
			name = Products;
			sourceTree = "<group>";
		};
		4CA17B42217CD0FA0072C405 /* FiestaDeLaMediaNaranja */ = {
			isa = PBXGroup;
			children = (
				4CA17B43217CD0FA0072C405 /* AppDelegate.swift */,
				4CA17B45217CD0FA0072C405 /* ViewController.swift */,
				4CA17B71217CD3510072C405 /* BirthdayViewController.swift */,
				4C8E94E9218637AF00752055 /* LoveViewController.swift */,
				4C855B0621878AE1000AA27B /* beautiful-glittering-heart-2098b0eddae9b0d054ebe9cbb608c13b-900x0.png */,
				4CA17B47217CD0FA0072C405 /* Main.storyboard */,
				4CA17B4A217CD0FC0072C405 /* Assets.xcassets */,
				4CA17B4C217CD0FC0072C405 /* LaunchScreen.storyboard */,
				4CA17B4F217CD0FC0072C405 /* Info.plist */,
			);
			path = FiestaDeLaMediaNaranja;
			sourceTree = "<group>";
		};
		4CA17B57217CD0FC0072C405 /* FiestaDeLaMediaNaranjaTests */ = {
			isa = PBXGroup;
			children = (
				4CA17B58217CD0FC0072C405 /* FiestaDeLaMediaNaranjaTests.swift */,
				4CA17B5A217CD0FC0072C405 /* Info.plist */,
			);
			path = FiestaDeLaMediaNaranjaTests;
			sourceTree = "<group>";
		};
		4CA17B62217CD0FC0072C405 /* FiestaDeLaMediaNaranjaUITests */ = {
			isa = PBXGroup;
			children = (
				4CA17B63217CD0FC0072C405 /* FiestaDeLaMediaNaranjaUITests.swift */,
				4CA17B65217CD0FC0072C405 /* Info.plist */,
			);
			path = FiestaDeLaMediaNaranjaUITests;
			sourceTree = "<group>";
		};
/* End PBXGroup section */

/* Begin PBXNativeTarget section */
		4CA17B3F217CD0FA0072C405 /* FiestaDeLaMediaNaranja */ = {
			isa = PBXNativeTarget;
			buildConfigurationList = 4CA17B68217CD0FC0072C405 /* Build configuration list for PBXNativeTarget "FiestaDeLaMediaNaranja" */;
			buildPhases = (
				4CA17B3C217CD0FA0072C405 /* Sources */,
				4CA17B3D217CD0FA0072C405 /* Frameworks */,
				4CA17B3E217CD0FA0072C405 /* Resources */,
			);
			buildRules = (
			);
			dependencies = (
			);
			name = FiestaDeLaMediaNaranja;
			productName = FiestaDeLaMediaNaranja;
			productReference = 4CA17B40217CD0FA0072C405 /* FiestaDeLaMediaNaranja.app */;
			productType = "com.apple.product-type.application";
		};
		4CA17B53217CD0FC0072C405 /* FiestaDeLaMediaNaranjaTests */ = {
			isa = PBXNativeTarget;
			buildConfigurationList = 4CA17B6B217CD0FC0072C405 /* Build configuration list for PBXNativeTarget "FiestaDeLaMediaNaranjaTests" */;
			buildPhases = (
				4CA17B50217CD0FC0072C405 /* Sources */,
				4CA17B51217CD0FC0072C405 /* Frameworks */,
				4CA17B52217CD0FC0072C405 /* Resources */,
			);
			buildRules = (
			);
			dependencies = (
				4CA17B56217CD0FC0072C405 /* PBXTargetDependency */,
			);
			name = FiestaDeLaMediaNaranjaTests;
			productName = FiestaDeLaMediaNaranjaTests;
			productReference = 4CA17B54217CD0FC0072C405 /* FiestaDeLaMediaNaranjaTests.xctest */;
			productType = "com.apple.product-type.bundle.unit-test";
		};
		4CA17B5E217CD0FC0072C405 /* FiestaDeLaMediaNaranjaUITests */ = {
			isa = PBXNativeTarget;
			buildConfigurationList = 4CA17B6E217CD0FC0072C405 /* Build configuration list for PBXNativeTarget "FiestaDeLaMediaNaranjaUITests" */;
			buildPhases = (
				4CA17B5B217CD0FC0072C405 /* Sources */,
				4CA17B5C217CD0FC0072C405 /* Frameworks */,
				4CA17B5D217CD0FC0072C405 /* Resources */,
			);
			buildRules = (
			);
			dependencies = (
				4CA17B61217CD0FC0072C405 /* PBXTargetDependency */,
			);
			name = FiestaDeLaMediaNaranjaUITests;
			productName = FiestaDeLaMediaNaranjaUITests;
			productReference = 4CA17B5F217CD0FC0072C405 /* FiestaDeLaMediaNaranjaUITests.xctest */;
			productType = "com.apple.product-type.bundle.ui-testing";
		};
/* End PBXNativeTarget section */

/* Begin PBXProject section */
		4CA17B38217CD0FA0072C405 /* Project object */ = {
			isa = PBXProject;
			attributes = {
				LastSwiftUpdateCheck = 1000;
				LastUpgradeCheck = 1000;
				ORGANIZATIONNAME = David;
				TargetAttributes = {
					4CA17B3F217CD0FA0072C405 = {
						CreatedOnToolsVersion = 10.0;
					};
					4CA17B53217CD0FC0072C405 = {
						CreatedOnToolsVersion = 10.0;
						TestTargetID = 4CA17B3F217CD0FA0072C405;
					};
					4CA17B5E217CD0FC0072C405 = {
						CreatedOnToolsVersion = 10.0;
						TestTargetID = 4CA17B3F217CD0FA0072C405;
					};
				};
			};
			buildConfigurationList = 4CA17B3B217CD0FA0072C405 /* Build configuration list for PBXProject "FiestaDeLaMediaNaranja" */;
			compatibilityVersion = "Xcode 9.3";
			developmentRegion = en;
			hasScannedForEncodings = 0;
			knownRegions = (
				en,
				Base,
			);
			mainGroup = 4CA17B37217CD0FA0072C405;
			productRefGroup = 4CA17B41217CD0FA0072C405 /* Products */;
			projectDirPath = "";
			projectRoot = "";
			targets = (
				4CA17B3F217CD0FA0072C405 /* FiestaDeLaMediaNaranja */,
				4CA17B53217CD0FC0072C405 /* FiestaDeLaMediaNaranjaTests */,
				4CA17B5E217CD0FC0072C405 /* FiestaDeLaMediaNaranjaUITests */,
			);
		};
/* End PBXProject section */

/* Begin PBXResourcesBuildPhase section */
		4CA17B3E217CD0FA0072C405 /* Resources */ = {
			isa = PBXResourcesBuildPhase;
			buildActionMask = 2147483647;
			files = (
				4CA17B4E217CD0FC0072C405 /* LaunchScreen.storyboard in Resources */,
				4CA17B4B217CD0FC0072C405 /* Assets.xcassets in Resources */,
				4C855B0721878AE1000AA27B /* beautiful-glittering-heart-2098b0eddae9b0d054ebe9cbb608c13b-900x0.png in Resources */,
				4CA17B49217CD0FA0072C405 /* Main.storyboard in Resources */,
			);
			runOnlyForDeploymentPostprocessing = 0;
		};
		4CA17B52217CD0FC0072C405 /* Resources */ = {
			isa = PBXResourcesBuildPhase;
			buildActionMask = 2147483647;
			files = (
			);
			runOnlyForDeploymentPostprocessing = 0;
		};
		4CA17B5D217CD0FC0072C405 /* Resources */ = {
			isa = PBXResourcesBuildPhase;
			buildActionMask = 2147483647;
			files = (
			);
			runOnlyForDeploymentPostprocessing = 0;
		};
/* End PBXResourcesBuildPhase section */

/* Begin PBXSourcesBuildPhase section */
		4CA17B3C217CD0FA0072C405 /* Sources */ = {
			isa = PBXSourcesBuildPhase;
			buildActionMask = 2147483647;
			files = (
				4C8E94EA218637AF00752055 /* LoveViewController.swift in Sources */,
				4CA17B46217CD0FA0072C405 /* ViewController.swift in Sources */,
				4CA17B44217CD0FA0072C405 /* AppDelegate.swift in Sources */,
				4CA17B72217CD3510072C405 /* BirthdayViewController.swift in Sources */,
			);
			runOnlyForDeploymentPostprocessing = 0;
		};
		4CA17B50217CD0FC0072C405 /* Sources */ = {
			isa = PBXSourcesBuildPhase;
			buildActionMask = 2147483647;
			files = (
				4CA17B59217CD0FC0072C405 /* FiestaDeLaMediaNaranjaTests.swift in Sources */,
			);
			runOnlyForDeploymentPostprocessing = 0;
		};
		4CA17B5B217CD0FC0072C405 /* Sources */ = {
			isa = PBXSourcesBuildPhase;
			buildActionMask = 2147483647;
			files = (
				4CA17B64217CD0FC0072C405 /* FiestaDeLaMediaNaranjaUITests.swift in Sources */,
			);
			runOnlyForDeploymentPostprocessing = 0;
		};
/* End PBXSourcesBuildPhase section */

/* Begin PBXTargetDependency section */
		4CA17B56217CD0FC0072C405 /* PBXTargetDependency */ = {
			isa = PBXTargetDependency;
			target = 4CA17B3F217CD0FA0072C405 /* FiestaDeLaMediaNaranja */;
			targetProxy = 4CA17B55217CD0FC0072C405 /* PBXContainerItemProxy */;
		};
		4CA17B61217CD0FC0072C405 /* PBXTargetDependency */ = {
			isa = PBXTargetDependency;
			target = 4CA17B3F217CD0FA0072C405 /* FiestaDeLaMediaNaranja */;
			targetProxy = 4CA17B60217CD0FC0072C405 /* PBXContainerItemProxy */;
		};
/* End PBXTargetDependency section */

/* Begin PBXVariantGroup section */
		4CA17B47217CD0FA0072C405 /* Main.storyboard */ = {
			isa = PBXVariantGroup;
			children = (
				4CA17B48217CD0FA0072C405 /* Base */,
			);
			name = Main.storyboard;
			sourceTree = "<group>";
		};
		4CA17B4C217CD0FC0072C405 /* LaunchScreen.storyboard */ = {
			isa = PBXVariantGroup;
			children = (
				4CA17B4D217CD0FC0072C405 /* Base */,
			);
			name = LaunchScreen.storyboard;
			sourceTree = "<group>";
		};
/* End PBXVariantGroup section */

/* Begin XCBuildConfiguration section */
		4CA17B66217CD0FC0072C405 /* Debug */ = {
			isa = XCBuildConfiguration;
			buildSettings = {
				ALWAYS_SEARCH_USER_PATHS = NO;
				CLANG_ANALYZER_NONNULL = YES;
				CLANG_ANALYZER_NUMBER_OBJECT_CONVERSION = YES_AGGRESSIVE;
				CLANG_CXX_LANGUAGE_STANDARD = "gnu++14";
				CLANG_CXX_LIBRARY = "libc++";
				CLANG_ENABLE_MODULES = YES;
				CLANG_ENABLE_OBJC_ARC = YES;
				CLANG_ENABLE_OBJC_WEAK = YES;
				CLANG_WARN_BLOCK_CAPTURE_AUTORELEASING = YES;
				CLANG_WARN_BOOL_CONVERSION = YES;
				CLANG_WARN_COMMA = YES;
				CLANG_WARN_CONSTANT_CONVERSION = YES;
				CLANG_WARN_DEPRECATED_OBJC_IMPLEMENTATIONS = YES;
				CLANG_WARN_DIRECT_OBJC_ISA_USAGE = YES_ERROR;
				CLANG_WARN_DOCUMENTATION_COMMENTS = YES;
				CLANG_WARN_EMPTY_BODY = YES;
				CLANG_WARN_ENUM_CONVERSION = YES;
				CLANG_WARN_INFINITE_RECURSION = YES;
				CLANG_WARN_INT_CONVERSION = YES;
				CLANG_WARN_NON_LITERAL_NULL_CONVERSION = YES;
				CLANG_WARN_OBJC_IMPLICIT_RETAIN_SELF = YES;
				CLANG_WARN_OBJC_LITERAL_CONVERSION = YES;
				CLANG_WARN_OBJC_ROOT_CLASS = YES_ERROR;
				CLANG_WARN_RANGE_LOOP_ANALYSIS = YES;
				CLANG_WARN_STRICT_PROTOTYPES = YES;
				CLANG_WARN_SUSPICIOUS_MOVE = YES;
				CLANG_WARN_UNGUARDED_AVAILABILITY = YES_AGGRESSIVE;
				CLANG_WARN_UNREACHABLE_CODE = YES;
				CLANG_WARN__DUPLICATE_METHOD_MATCH = YES;
				CODE_SIGN_IDENTITY = "iPhone Developer";
				COPY_PHASE_STRIP = NO;
				DEBUG_INFORMATION_FORMAT = dwarf;
				ENABLE_STRICT_OBJC_MSGSEND = YES;
				ENABLE_TESTABILITY = YES;
				GCC_C_LANGUAGE_STANDARD = gnu11;
				GCC_DYNAMIC_NO_PIC = NO;
				GCC_NO_COMMON_BLOCKS = YES;
				GCC_OPTIMIZATION_LEVEL = 0;
				GCC_PREPROCESSOR_DEFINITIONS = (
					"DEBUG=1",
					"$(inherited)",
				);
				GCC_WARN_64_TO_32_BIT_CONVERSION = YES;
				GCC_WARN_ABOUT_RETURN_TYPE = YES_ERROR;
				GCC_WARN_UNDECLARED_SELECTOR = YES;
				GCC_WARN_UNINITIALIZED_AUTOS = YES_AGGRESSIVE;
				GCC_WARN_UNUSED_FUNCTION = YES;
				GCC_WARN_UNUSED_VARIABLE = YES;
				IPHONEOS_DEPLOYMENT_TARGET = 12.0;
				MTL_ENABLE_DEBUG_INFO = INCLUDE_SOURCE;
				MTL_FAST_MATH = YES;
				ONLY_ACTIVE_ARCH = YES;
				SDKROOT = iphoneos;
				SWIFT_ACTIVE_COMPILATION_CONDITIONS = DEBUG;
				SWIFT_OPTIMIZATION_LEVEL = "-Onone";
			};
			name = Debug;
		};
		4CA17B67217CD0FC0072C405 /* Release */ = {
			isa = XCBuildConfiguration;
			buildSettings = {
				ALWAYS_SEARCH_USER_PATHS = NO;
				CLANG_ANALYZER_NONNULL = YES;
				CLANG_ANALYZER_NUMBER_OBJECT_CONVERSION = YES_AGGRESSIVE;
				CLANG_CXX_LANGUAGE_STANDARD = "gnu++14";
				CLANG_CXX_LIBRARY = "libc++";
				CLANG_ENABLE_MODULES = YES;
				CLANG_ENABLE_OBJC_ARC = YES;
				CLANG_ENABLE_OBJC_WEAK = YES;
				CLANG_WARN_BLOCK_CAPTURE_AUTORELEASING = YES;
				CLANG_WARN_BOOL_CONVERSION = YES;
				CLANG_WARN_COMMA = YES;
				CLANG_WARN_CONSTANT_CONVERSION = YES;
				CLANG_WARN_DEPRECATED_OBJC_IMPLEMENTATIONS = YES;
				CLANG_WARN_DIRECT_OBJC_ISA_USAGE = YES_ERROR;
				CLANG_WARN_DOCUMENTATION_COMMENTS = YES;
				CLANG_WARN_EMPTY_BODY = YES;
				CLANG_WARN_ENUM_CONVERSION = YES;
				CLANG_WARN_INFINITE_RECURSION = YES;
				CLANG_WARN_INT_CONVERSION = YES;
				CLANG_WARN_NON_LITERAL_NULL_CONVERSION = YES;
				CLANG_WARN_OBJC_IMPLICIT_RETAIN_SELF = YES;
				CLANG_WARN_OBJC_LITERAL_CONVERSION = YES;
				CLANG_WARN_OBJC_ROOT_CLASS = YES_ERROR;
				CLANG_WARN_RANGE_LOOP_ANALYSIS = YES;
				CLANG_WARN_STRICT_PROTOTYPES = YES;
				CLANG_WARN_SUSPICIOUS_MOVE = YES;
				CLANG_WARN_UNGUARDED_AVAILABILITY = YES_AGGRESSIVE;
				CLANG_WARN_UNREACHABLE_CODE = YES;
				CLANG_WARN__DUPLICATE_METHOD_MATCH = YES;
				CODE_SIGN_IDENTITY = "iPhone Developer";
				COPY_PHASE_STRIP = NO;
				DEBUG_INFORMATION_FORMAT = "dwarf-with-dsym";
				ENABLE_NS_ASSERTIONS = NO;
				ENABLE_STRICT_OBJC_MSGSEND = YES;
				GCC_C_LANGUAGE_STANDARD = gnu11;
				GCC_NO_COMMON_BLOCKS = YES;
				GCC_WARN_64_TO_32_BIT_CONVERSION = YES;
				GCC_WARN_ABOUT_RETURN_TYPE = YES_ERROR;
				GCC_WARN_UNDECLARED_SELECTOR = YES;
				GCC_WARN_UNINITIALIZED_AUTOS = YES_AGGRESSIVE;
				GCC_WARN_UNUSED_FUNCTION = YES;
				GCC_WARN_UNUSED_VARIABLE = YES;
				IPHONEOS_DEPLOYMENT_TARGET = 12.0;
				MTL_ENABLE_DEBUG_INFO = NO;
				MTL_FAST_MATH = YES;
				SDKROOT = iphoneos;
				SWIFT_COMPILATION_MODE = wholemodule;
				SWIFT_OPTIMIZATION_LEVEL = "-O";
				VALIDATE_PRODUCT = YES;
			};
			name = Release;
		};
		4CA17B69217CD0FC0072C405 /* Debug */ = {
			isa = XCBuildConfiguration;
			buildSettings = {
				ASSETCATALOG_COMPILER_APPICON_NAME = AppIcon;
				CODE_SIGN_STYLE = Automatic;
				INFOPLIST_FILE = FiestaDeLaMediaNaranja/Info.plist;
				LD_RUNPATH_SEARCH_PATHS = (
					"$(inherited)",
					"@executable_path/Frameworks",
				);
				PRODUCT_BUNDLE_IDENTIFIER = es.upm.dit.FiestaDeLaMediaNaranja;
				PRODUCT_NAME = "$(TARGET_NAME)";
				SWIFT_VERSION = 4.2;
				TARGETED_DEVICE_FAMILY = "1,2";
			};
			name = Debug;
		};
		4CA17B6A217CD0FC0072C405 /* Release */ = {
			isa = XCBuildConfiguration;
			buildSettings = {
				ASSETCATALOG_COMPILER_APPICON_NAME = AppIcon;
				CODE_SIGN_STYLE = Automatic;
				INFOPLIST_FILE = FiestaDeLaMediaNaranja/Info.plist;
				LD_RUNPATH_SEARCH_PATHS = (
					"$(inherited)",
					"@executable_path/Frameworks",
				);
				PRODUCT_BUNDLE_IDENTIFIER = es.upm.dit.FiestaDeLaMediaNaranja;
				PRODUCT_NAME = "$(TARGET_NAME)";
				SWIFT_VERSION = 4.2;
				TARGETED_DEVICE_FAMILY = "1,2";
			};
			name = Release;
		};
		4CA17B6C217CD0FC0072C405 /* Debug */ = {
			isa = XCBuildConfiguration;
			buildSettings = {
				ALWAYS_EMBED_SWIFT_STANDARD_LIBRARIES = YES;
				BUNDLE_LOADER = "$(TEST_HOST)";
				CODE_SIGN_STYLE = Automatic;
				INFOPLIST_FILE = FiestaDeLaMediaNaranjaTests/Info.plist;
				LD_RUNPATH_SEARCH_PATHS = (
					"$(inherited)",
					"@executable_path/Frameworks",
					"@loader_path/Frameworks",
				);
				PRODUCT_BUNDLE_IDENTIFIER = es.upm.dit.FiestaDeLaMediaNaranjaTests;
				PRODUCT_NAME = "$(TARGET_NAME)";
				SWIFT_VERSION = 4.2;
				TARGETED_DEVICE_FAMILY = "1,2";
				TEST_HOST = "$(BUILT_PRODUCTS_DIR)/FiestaDeLaMediaNaranja.app/FiestaDeLaMediaNaranja";
			};
			name = Debug;
		};
		4CA17B6D217CD0FC0072C405 /* Release */ = {
			isa = XCBuildConfiguration;
			buildSettings = {
				ALWAYS_EMBED_SWIFT_STANDARD_LIBRARIES = YES;
				BUNDLE_LOADER = "$(TEST_HOST)";
				CODE_SIGN_STYLE = Automatic;
				INFOPLIST_FILE = FiestaDeLaMediaNaranjaTests/Info.plist;
				LD_RUNPATH_SEARCH_PATHS = (
					"$(inherited)",
					"@executable_path/Frameworks",
					"@loader_path/Frameworks",
				);
				PRODUCT_BUNDLE_IDENTIFIER = es.upm.dit.FiestaDeLaMediaNaranjaTests;
				PRODUCT_NAME = "$(TARGET_NAME)";
				SWIFT_VERSION = 4.2;
				TARGETED_DEVICE_FAMILY = "1,2";
				TEST_HOST = "$(BUILT_PRODUCTS_DIR)/FiestaDeLaMediaNaranja.app/FiestaDeLaMediaNaranja";
			};
			name = Release;
		};
		4CA17B6F217CD0FC0072C405 /* Debug */ = {
			isa = XCBuildConfiguration;
			buildSettings = {
				ALWAYS_EMBED_SWIFT_STANDARD_LIBRARIES = YES;
				CODE_SIGN_STYLE = Automatic;
				INFOPLIST_FILE = FiestaDeLaMediaNaranjaUITests/Info.plist;
				LD_RUNPATH_SEARCH_PATHS = (
					"$(inherited)",
					"@executable_path/Frameworks",
					"@loader_path/Frameworks",
				);
				PRODUCT_BUNDLE_IDENTIFIER = es.upm.dit.FiestaDeLaMediaNaranjaUITests;
				PRODUCT_NAME = "$(TARGET_NAME)";
				SWIFT_VERSION = 4.2;
				TARGETED_DEVICE_FAMILY = "1,2";
				TEST_TARGET_NAME = FiestaDeLaMediaNaranja;
			};
			name = Debug;
		};
		4CA17B70217CD0FC0072C405 /* Release */ = {
			isa = XCBuildConfiguration;
			buildSettings = {
				ALWAYS_EMBED_SWIFT_STANDARD_LIBRARIES = YES;
				CODE_SIGN_STYLE = Automatic;
				INFOPLIST_FILE = FiestaDeLaMediaNaranjaUITests/Info.plist;
				LD_RUNPATH_SEARCH_PATHS = (
					"$(inherited)",
					"@executable_path/Frameworks",
					"@loader_path/Frameworks",
				);
				PRODUCT_BUNDLE_IDENTIFIER = es.upm.dit.FiestaDeLaMediaNaranjaUITests;
				PRODUCT_NAME = "$(TARGET_NAME)";
				SWIFT_VERSION = 4.2;
				TARGETED_DEVICE_FAMILY = "1,2";
				TEST_TARGET_NAME = FiestaDeLaMediaNaranja;
			};
			name = Release;
		};
/* End XCBuildConfiguration section */

/* Begin XCConfigurationList section */
		4CA17B3B217CD0FA0072C405 /* Build configuration list for PBXProject "FiestaDeLaMediaNaranja" */ = {
			isa = XCConfigurationList;
			buildConfigurations = (
				4CA17B66217CD0FC0072C405 /* Debug */,
				4CA17B67217CD0FC0072C405 /* Release */,
			);
			defaultConfigurationIsVisible = 0;
			defaultConfigurationName = Release;
		};
		4CA17B68217CD0FC0072C405 /* Build configuration list for PBXNativeTarget "FiestaDeLaMediaNaranja" */ = {
			isa = XCConfigurationList;
			buildConfigurations = (
				4CA17B69217CD0FC0072C405 /* Debug */,
				4CA17B6A217CD0FC0072C405 /* Release */,
			);
			defaultConfigurationIsVisible = 0;
			defaultConfigurationName = Release;
		};
		4CA17B6B217CD0FC0072C405 /* Build configuration list for PBXNativeTarget "FiestaDeLaMediaNaranjaTests" */ = {
			isa = XCConfigurationList;
			buildConfigurations = (
				4CA17B6C217CD0FC0072C405 /* Debug */,
				4CA17B6D217CD0FC0072C405 /* Release */,
			);
			defaultConfigurationIsVisible = 0;
			defaultConfigurationName = Release;
		};
		4CA17B6E217CD0FC0072C405 /* Build configuration list for PBXNativeTarget "FiestaDeLaMediaNaranjaUITests" */ = {
			isa = XCConfigurationList;
			buildConfigurations = (
				4CA17B6F217CD0FC0072C405 /* Debug */,
				4CA17B70217CD0FC0072C405 /* Release */,
			);
			defaultConfigurationIsVisible = 0;
			defaultConfigurationName = Release;
		};
/* End XCConfigurationList section */
	};
	rootObject = 4CA17B38217CD0FA0072C405 /* Project object */;
}
